
Microsoft Visual Studio Solution File, Format Version 12.00
# Visual Studio Version 17
VisualStudioVersion = 17.12.35506.116
MinimumVisualStudioVersion = 10.0.40219.1
Project("{2150E333-8FDC-42A3-9474-1A3956D46DE8}") = "dependencies", "dependencies", "{B79EEFB1-F1CE-4BF0-AE39-5D0520412B41}"
EndProject
Project("{8BC9CEB8-8B4A-11D0-8D11-00A0C91BC942}") = "liborbisrender", "liborbisrender\liborbisrender.vcxproj", "{3EEF5564-2BA6-46F7-956D-1EA2404D8CA7}"
	ProjectSection(ProjectDependencies) = postProject
		{514F9BFF-0AD2-4EB5-9FFD-79169C087657} = {514F9BFF-0AD2-4EB5-9FFD-79169C087657}
		{57557A18-DB3F-41A4-BA0B-DF0973647851} = {57557A18-DB3F-41A4-BA0B-DF0973647851}
		{7E9125D3-B20D-4689-A521-5A923BEBF444} = {7E9125D3-B20D-4689-A521-5A923BEBF444}
	EndProjectSection
EndProject
Project("{8BC9CEB8-8B4A-11D0-8D11-00A0C91BC942}") = "sample", "sample\sample.vcxproj", "{3159E53C-8828-49A6-B509-B64DED75515A}"
	ProjectSection(ProjectDependencies) = postProject
		{3EEF5564-2BA6-46F7-956D-1EA2404D8CA7} = {3EEF5564-2BA6-46F7-956D-1EA2404D8CA7}
		{514F9BFF-0AD2-4EB5-9FFD-79169C087657} = {514F9BFF-0AD2-4EB5-9FFD-79169C087657}
		{57557A18-DB3F-41A4-BA0B-DF0973647851} = {57557A18-DB3F-41A4-BA0B-DF0973647851}
		{7E9125D3-B20D-4689-A521-5A923BEBF444} = {7E9125D3-B20D-4689-A521-5A923BEBF444}
	EndProjectSection
EndProject
Project("{8BC9CEB8-8B4A-11D0-8D11-00A0C91BC942}") = "fmtlib", "dependencies\fmtlib\fmtlib\fmtlib.vcxproj", "{7E9125D3-B20D-4689-A521-5A923BEBF444}"
EndProject
Project("{8BC9CEB8-8B4A-11D0-8D11-00A0C91BC942}") = "liborbisutil", "dependencies\liborbisutil\liborbisutil\liborbisutil.vcxproj", "{57557A18-DB3F-41A4-BA0B-DF0973647851}"
	ProjectSection(ProjectDependencies) = postProject
		{514F9BFF-0AD2-4EB5-9FFD-79169C087657} = {514F9BFF-0AD2-4EB5-9FFD-79169C087657}
		{7E9125D3-B20D-4689-A521-5A923BEBF444} = {7E9125D3-B20D-4689-A521-5A923BEBF444}
	EndProjectSection
EndProject
Project("{8BC9CEB8-8B4A-11D0-8D11-00A0C91BC942}") = "libMinhook", "dependencies\minhook\libMinhook\libMinhook.vcxproj", "{514F9BFF-0AD2-4EB5-9FFD-79169C087657}"
	ProjectSection(ProjectDependencies) = postProject
		{7E9125D3-B20D-4689-A521-5A923BEBF444} = {7E9125D3-B20D-4689-A521-5A923BEBF444}
	EndProjectSection
EndProject
Global
	GlobalSection(SolutionConfigurationPlatforms) = preSolution
		Debug|ORBIS = Debug|ORBIS
		Release|ORBIS = Release|ORBIS
	EndGlobalSection
	GlobalSection(ProjectConfigurationPlatforms) = postSolution
		{3EEF5564-2BA6-46F7-956D-1EA2404D8CA7}.Debug|ORBIS.ActiveCfg = Debug|ORBIS
		{3EEF5564-2BA6-46F7-956D-1EA2404D8CA7}.Debug|ORBIS.Build.0 = Debug|ORBIS
		{3EEF5564-2BA6-46F7-956D-1EA2404D8CA7}.Release|ORBIS.ActiveCfg = Release|ORBIS
		{3EEF5564-2BA6-46F7-956D-1EA2404D8CA7}.Release|ORBIS.Build.0 = Release|ORBIS
		{3159E53C-8828-49A6-B509-B64DED75515A}.Debug|ORBIS.ActiveCfg = Debug|ORBIS
		{3159E53C-8828-49A6-B509-B64DED75515A}.Debug|ORBIS.Build.0 = Debug|ORBIS
		{3159E53C-8828-49A6-B509-B64DED75515A}.Release|ORBIS.ActiveCfg = Release|ORBIS
		{3159E53C-8828-49A6-B509-B64DED75515A}.Release|ORBIS.Build.0 = Release|ORBIS
		{7E9125D3-B20D-4689-A521-5A923BEBF444}.Debug|ORBIS.ActiveCfg = Debug|ORBIS
		{7E9125D3-B20D-4689-A521-5A923BEBF444}.Debug|ORBIS.Build.0 = Debug|ORBIS
		{7E9125D3-B20D-4689-A521-5A923BEBF444}.Release|ORBIS.ActiveCfg = Release|ORBIS
		{7E9125D3-B20D-4689-A521-5A923BEBF444}.Release|ORBIS.Build.0 = Release|ORBIS
		{57557A18-DB3F-41A4-BA0B-DF0973647851}.Debug|ORBIS.ActiveCfg = Debug|ORBIS
		{57557A18-DB3F-41A4-BA0B-DF0973647851}.Debug|ORBIS.Build.0 = Debug|ORBIS
		{57557A18-DB3F-41A4-BA0B-DF0973647851}.Release|ORBIS.ActiveCfg = Release|ORBIS
		{57557A18-DB3F-41A4-BA0B-DF0973647851}.Release|ORBIS.Build.0 = Release|ORBIS
		{514F9BFF-0AD2-4EB5-9FFD-79169C087657}.Debug|ORBIS.ActiveCfg = Debug|ORBIS
		{514F9BFF-0AD2-4EB5-9FFD-79169C087657}.Debug|ORBIS.Build.0 = Debug|ORBIS
		{514F9BFF-0AD2-4EB5-9FFD-79169C087657}.Release|ORBIS.ActiveCfg = Release|ORBIS
		{514F9BFF-0AD2-4EB5-9FFD-79169C087657}.Release|ORBIS.Build.0 = Release|ORBIS
	EndGlobalSection
	GlobalSection(SolutionProperties) = preSolution
		HideSolutionNode = FALSE
	EndGlobalSection
	GlobalSection(NestedProjects) = preSolution
		{7E9125D3-B20D-4689-A521-5A923BEBF444} = {B79EEFB1-F1CE-4BF0-AE39-5D0520412B41}
		{57557A18-DB3F-41A4-BA0B-DF0973647851} = {B79EEFB1-F1CE-4BF0-AE39-5D0520412B41}
		{514F9BFF-0AD2-4EB5-9FFD-79169C087657} = {B79EEFB1-F1CE-4BF0-AE39-5D0520412B41}
	EndGlobalSection
EndGlobal
