<?xml version="1.0" encoding="utf-8"?>
<Project ToolsVersion="4.0" xmlns="http://schemas.microsoft.com/developer/msbuild/2003">
  <ItemGroup>
    <Filter Include="source">
      <UniqueIdentifier>{463de247-cbcb-4413-afe4-f5ba78eef50b}</UniqueIdentifier>
    </Filter>
    <Filter Include="include">
      <UniqueIdentifier>{c722995c-e938-4e66-84a9-87123fce07e0}</UniqueIdentifier>
    </Filter>
  </ItemGroup>
  <ItemGroup>
    <ClCompile Include="source\renderer\render_context.cpp" />
    <ClCompile Include="source\renderer\hooks\sce_gnm.cpp" />
    <ClCompile Include="source\renderer\hooks\sce_video.cpp" />
    <ClCompile Include="source\renderer\utils\shaders.cpp" />
    <ClCompile Include="source\renderer\imgui\backend\imgui_impl_gnm.cpp" />
    <ClCompile Include="source\renderer\imgui\backend\imgui_impl_orbis.cpp" />
    <ClCompile Include="source\renderer\imgui\imgui.cpp" />
    <ClCompile Include="source\renderer\imgui\imgui_demo.cpp" />
    <ClCompile Include="source\renderer\imgui\imgui_draw.cpp" />
    <ClCompile Include="source\renderer\imgui\imgui_tables.cpp" />
    <ClCompile Include="source\renderer\imgui\imgui_widgets.cpp" />
    <ClCompile Include="source\renderer\utils\texture.cpp" />
    <ClCompile Include="source\renderer\hooks\sce_kernel.cpp" />
  </ItemGroup>
  <ItemGroup>
    <ClInclude Include="source\renderer\render_context.h" />
    <ClInclude Include="source\renderer\utils\shaders.h" />
    <ClInclude Include="source\renderer\imgui\backend\imgui_impl_gnm.h" />
    <ClInclude Include="source\renderer\imgui\backend\imgui_impl_orbis.h" />
    <ClInclude Include="source\renderer\imgui\shaders\graphics\matrix4unaligned.h" />
    <ClInclude Include="source\renderer\imgui\shaders\graphics\matrix4x3unaligned.h" />
    <ClInclude Include="source\renderer\imgui\shaders\graphics\shader_common.h" />
    <ClInclude Include="source\renderer\imgui\shaders\graphics\vector2unaligned.h" />
    <ClInclude Include="source\renderer\imgui\shaders\graphics\vector3unaligned.h" />
    <ClInclude Include="source\renderer\imgui\shaders\graphics\vector4unaligned.h" />
    <ClInclude Include="source\renderer\imgui\shaders\imgui_srt_common.h" />
    <ClInclude Include="source\renderer\imgui\imconfig.h" />
    <ClInclude Include="source\renderer\imgui\imgui.h" />
    <ClInclude Include="source\renderer\imgui\imgui_internal.h" />
    <ClInclude Include="source\renderer\imgui\imstb_rectpack.h" />
    <ClInclude Include="source\renderer\imgui\imstb_textedit.h" />
    <ClInclude Include="source\renderer\imgui\imstb_truetype.h" />
    <ClInclude Include="source\renderer\imgui\stb_image.h" />
    <ClInclude Include="source\renderer\utils\texture.h" />
  </ItemGroup>
  <ItemGroup>
    <WavePsslc Include="source\renderer\imgui\shaders\imgui_vv.pssl" />
    <WavePsslc Include="source\renderer\imgui\shaders\imgui_p.pssl" />
  </ItemGroup>
</Project>