<?xml version="1.0" encoding="utf-8"?>
<Project ToolsVersion="4.0" xmlns="http://schemas.microsoft.com/developer/msbuild/2003">
  <ItemGroup>
    <ClCompile Include="prx.cpp" />
    <ClCompile Include="stdafx.cpp" />
  </ItemGroup>
  <ItemGroup>
    <ClInclude Include="stdafx.h" />
  </ItemGroup>
  <ItemGroup>
    <Filter Include="source">
      <UniqueIdentifier>{ffeb04b8-6039-4272-a264-4bbfa20e5ff9}</UniqueIdentifier>
    </Filter>
  </ItemGroup>
</Project>